
Microsoft Visual Studio Solution File, Format Version 12.00
# Visual Studio 2013
VisualStudioVersion = 12.0.31101.0
MinimumVisualStudioVersion = 10.0.40219.1
Project("{FAE04EC0-301F-11D3-BF4B-00C04F79EFBC}") = "WindowsFormsApplicationExample", "WindowsFormsApplicationExample\WindowsFormsApplicationExample.csproj", "{E5E7ED8C-172C-44BA-9588-2A4227DD6F05}"
EndProject
Project("{FAE04EC0-301F-11D3-BF4B-00C04F79EFBC}") = "HelloCSharpExample", "..\HelloCSharpExample\HelloCSharpExample\HelloCSharpExample.csproj", "{32E9F340-9306-4018-9E5B-B2B48FB79736}"
EndProject
Global
	GlobalSection(SolutionConfigurationPlatforms) = preSolution
		Debug|Any CPU = Debug|Any CPU
		Release|Any CPU = Release|Any CPU
	EndGlobalSection
	GlobalSection(ProjectConfigurationPlatforms) = postSolution
		{E5E7ED8C-172C-44BA-9588-2A4227DD6F05}.Debug|Any CPU.ActiveCfg = Debug|Any CPU
		{E5E7ED8C-172C-44BA-9588-2A4227DD6F05}.Debug|Any CPU.Build.0 = Debug|Any CPU
		{E5E7ED8C-172C-44BA-9588-2A4227DD6F05}.Release|Any CPU.ActiveCfg = Release|Any CPU
		{E5E7ED8C-172C-44BA-9588-2A4227DD6F05}.Release|Any CPU.Build.0 = Release|Any CPU
		{32E9F340-9306-4018-9E5B-B2B48FB79736}.Debug|Any CPU.ActiveCfg = Debug|Any CPU
		{32E9F340-9306-4018-9E5B-B2B48FB79736}.Debug|Any CPU.Build.0 = Debug|Any CPU
		{32E9F340-9306-4018-9E5B-B2B48FB79736}.Release|Any CPU.ActiveCfg = Release|Any CPU
		{32E9F340-9306-4018-9E5B-B2B48FB79736}.Release|Any CPU.Build.0 = Release|Any CPU
	EndGlobalSection
	GlobalSection(SolutionProperties) = preSolution
		HideSolutionNode = FALSE
	EndGlobalSection
EndGlobal
